
Microsoft Visual Studio Solution File, Format Version 12.00
# Visual Studio Version 16
VisualStudioVersion = 16.0.31229.75
MinimumVisualStudioVersion = 10.0.40219.1
Project("{9A19103F-16F7-4668-BE54-9A1E7A4F7556}") = "Array", "CSharpCollections\Array.csproj", "{032E7D1A-10C5-4713-BDFD-31112A644F33}"
EndProject
Project("{9A19103F-16F7-4668-BE54-9A1E7A4F7556}") = "List", "List\List.csproj", "{6CDED889-381C-422D-B188-AE9A2510D7D4}"
EndProject
Project("{FAE04EC0-301F-11D3-BF4B-00C04F79EFBC}") = "LinkedList", "LinkedList\LinkedList.csproj", "{E84EA46D-097A-4604-A592-442EE7C09D50}"
EndProject
Project("{2150E333-8FDC-42A3-9474-1A3956D46DE8}") = "1-Array", "1-Array", "{4D2709B0-86B4-49F8-8E60-5F4C3F96D808}"
EndProject
Project("{2150E333-8FDC-42A3-9474-1A3956D46DE8}") = "2-List", "2-List", "{31D7B091-F9AF-45E0-8533-B8670CA9C064}"
EndProject
Project("{2150E333-8FDC-42A3-9474-1A3956D46DE8}") = "3-LinkedList", "3-LinkedList", "{7D5DDB45-5D15-4CC2-B004-68093A0A9458}"
EndProject
Global
	GlobalSection(SolutionConfigurationPlatforms) = preSolution
		Debug|Any CPU = Debug|Any CPU
		Release|Any CPU = Release|Any CPU
	EndGlobalSection
	GlobalSection(ProjectConfigurationPlatforms) = postSolution
		{032E7D1A-10C5-4713-BDFD-31112A644F33}.Debug|Any CPU.ActiveCfg = Debug|Any CPU
		{032E7D1A-10C5-4713-BDFD-31112A644F33}.Debug|Any CPU.Build.0 = Debug|Any CPU
		{032E7D1A-10C5-4713-BDFD-31112A644F33}.Release|Any CPU.ActiveCfg = Release|Any CPU
		{032E7D1A-10C5-4713-BDFD-31112A644F33}.Release|Any CPU.Build.0 = Release|Any CPU
		{6CDED889-381C-422D-B188-AE9A2510D7D4}.Debug|Any CPU.ActiveCfg = Debug|Any CPU
		{6CDED889-381C-422D-B188-AE9A2510D7D4}.Debug|Any CPU.Build.0 = Debug|Any CPU
		{6CDED889-381C-422D-B188-AE9A2510D7D4}.Release|Any CPU.ActiveCfg = Release|Any CPU
		{6CDED889-381C-422D-B188-AE9A2510D7D4}.Release|Any CPU.Build.0 = Release|Any CPU
		{E84EA46D-097A-4604-A592-442EE7C09D50}.Debug|Any CPU.ActiveCfg = Debug|Any CPU
		{E84EA46D-097A-4604-A592-442EE7C09D50}.Debug|Any CPU.Build.0 = Debug|Any CPU
		{E84EA46D-097A-4604-A592-442EE7C09D50}.Release|Any CPU.ActiveCfg = Release|Any CPU
		{E84EA46D-097A-4604-A592-442EE7C09D50}.Release|Any CPU.Build.0 = Release|Any CPU
	EndGlobalSection
	GlobalSection(SolutionProperties) = preSolution
		HideSolutionNode = FALSE
	EndGlobalSection
	GlobalSection(NestedProjects) = preSolution
		{032E7D1A-10C5-4713-BDFD-31112A644F33} = {4D2709B0-86B4-49F8-8E60-5F4C3F96D808}
		{6CDED889-381C-422D-B188-AE9A2510D7D4} = {31D7B091-F9AF-45E0-8533-B8670CA9C064}
		{E84EA46D-097A-4604-A592-442EE7C09D50} = {7D5DDB45-5D15-4CC2-B004-68093A0A9458}
	EndGlobalSection
	GlobalSection(ExtensibilityGlobals) = postSolution
		SolutionGuid = {DEDAD8B8-A82E-40EA-9639-B6FF17241CFE}
	EndGlobalSection
EndGlobal
